
Microsoft Visual Studio Solution File, Format Version 12.00
# Visual Studio Version 17
VisualStudioVersion = 17.3.32922.545
MinimumVisualStudioVersion = 10.0.40219.1
Project("{FAE04EC0-301F-11D3-BF4B-00C04F79EFBC}") = "ArsivOdasıProjesi", "ArsivOdasıProjesi\ArsivOdasıProjesi.csproj", "{34D07D24-0466-47E0-8FA4-7C69B89A1AA7}"
EndProject
Global
	GlobalSection(SolutionConfigurationPlatforms) = preSolution
		Debug|Any CPU = Debug|Any CPU
		Release|Any CPU = Release|Any CPU
	EndGlobalSection
	GlobalSection(ProjectConfigurationPlatforms) = postSolution
		{34D07D24-0466-47E0-8FA4-7C69B89A1AA7}.Debug|Any CPU.ActiveCfg = Debug|Any CPU
		{34D07D24-0466-47E0-8FA4-7C69B89A1AA7}.Debug|Any CPU.Build.0 = Debug|Any CPU
		{34D07D24-0466-47E0-8FA4-7C69B89A1AA7}.Release|Any CPU.ActiveCfg = Release|Any CPU
		{34D07D24-0466-47E0-8FA4-7C69B89A1AA7}.Release|Any CPU.Build.0 = Release|Any CPU
	EndGlobalSection
	GlobalSection(SolutionProperties) = preSolution
		HideSolutionNode = FALSE
	EndGlobalSection
	GlobalSection(ExtensibilityGlobals) = postSolution
		SolutionGuid = {0E74E61D-8020-4427-BCB9-F08086FC5B75}
	EndGlobalSection
EndGlobal
